# This file is autogenerated, do not edit; changes may be undone by the next 'dep ensure'.


[[projects]]
  name = "github.com/atotto/clipboard"
  packages = ["."]
  revision = "aa9549103943c05f3e8951009cdb6a0bec2c8949"
  version = "v0.1.1"

[[projects]]
  name = "github.com/inconshreveable/mousetrap"
  packages = ["."]
  revision = "76626ae9c91c4f2a10f34cad8ce83ea42c93bb75"
  version = "v1.0"

[[projects]]
  name = "github.com/spf13/cobra"
  packages = ["."]
  revision = "ef82de70bb3f60c65fb8eebacbb2d122ef517385"
  version = "v0.0.3"

[[projects]]
  name = "github.com/spf13/pflag"
  packages = ["."]
  revision = "298182f68c66c05229eb03ac171abe6e309ee79a"
  version = "v1.0.3"

[[projects]]
  branch = "master"
  name = "golang.org/x/crypto"
  packages = [
    "curve25519",
    "internal/subtle",
    "nacl/box",
    "nacl/secretbox",
    "pbkdf2",
    "poly1305",
    "salsa20/salsa",
    "scrypt",
    "ssh/terminal"
  ]
  revision = "ffb98f73852f696ea2bb21a617a5c4b3e067a439"

[[projects]]
  branch = "master"
  name = "golang.org/x/sys"
  packages = [
    "unix",
    "windows"
  ]
  revision = "cd391775e71e684db52b63df9affd58269495083"

[solve-meta]
  analyzer-name = "dep"
  analyzer-version = 1
  inputs-digest = "c7cd27aa317a13d4a181c9c2ef48f5adf78b3544d2f84cbce4d71a64d7cca64b"
  solver-name = "gps-cdcl"
  solver-version = 1
